
Microsoft Visual Studio Solution File, Format Version 12.00
Project("{FAE04EC0-301F-11D3-BF4B-00C04F79EFBC}") = "LeetCodeTop150", "LeetCodeTop150\LeetCodeTop150\LeetCodeTop150.csproj", "{98B89140-B178-412E-B7D5-F20CFA7A36FA}"
EndProject
Project("{FAE04EC0-301F-11D3-BF4B-00C04F79EFBC}") = "LeetCodeTop150.Tests", "LeetCodeTop150\LeetCodeTop150.Tests\LeetCodeTop150.Tests.csproj", "{090B9748-A7F3-4430-9D81-C2717E2648F2}"
EndProject
Global
	GlobalSection(SolutionConfigurationPlatforms) = preSolution
		Debug|Any CPU = Debug|Any CPU
		Release|Any CPU = Release|Any CPU
	EndGlobalSection
	GlobalSection(ProjectConfigurationPlatforms) = postSolution
		{98B89140-B178-412E-B7D5-F20CFA7A36FA}.Debug|Any CPU.ActiveCfg = Debug|Any CPU
		{98B89140-B178-412E-B7D5-F20CFA7A36FA}.Debug|Any CPU.Build.0 = Debug|Any CPU
		{98B89140-B178-412E-B7D5-F20CFA7A36FA}.Release|Any CPU.ActiveCfg = Release|Any CPU
		{98B89140-B178-412E-B7D5-F20CFA7A36FA}.Release|Any CPU.Build.0 = Release|Any CPU
		{090B9748-A7F3-4430-9D81-C2717E2648F2}.Debug|Any CPU.ActiveCfg = Debug|Any CPU
		{090B9748-A7F3-4430-9D81-C2717E2648F2}.Debug|Any CPU.Build.0 = Debug|Any CPU
		{090B9748-A7F3-4430-9D81-C2717E2648F2}.Release|Any CPU.ActiveCfg = Release|Any CPU
		{090B9748-A7F3-4430-9D81-C2717E2648F2}.Release|Any CPU.Build.0 = Release|Any CPU
	EndGlobalSection
EndGlobal
